// !$*UTF8*$!
{
	archiveVersion = 1;
	classes = {
	};
	objectVersion = 50;
	objects = {

/* Begin PBXBuildFile section */
		84446BCD238AC3B400642675 /* AppDelegate.swift in Sources */ = {isa = PBXBuildFile; fileRef = 84446BCC238AC3B400642675 /* AppDelegate.swift */; };
		84446BCF238AC3B400642675 /* SceneDelegate.swift in Sources */ = {isa = PBXBuildFile; fileRef = 84446BCE238AC3B400642675 /* SceneDelegate.swift */; };
		84446BD1238AC3B400642675 /* ViewController.swift in Sources */ = {isa = PBXBuildFile; fileRef = 84446BD0238AC3B400642675 /* ViewController.swift */; };
		84446BD4238AC3B400642675 /* Main.storyboard in Resources */ = {isa = PBXBuildFile; fileRef = 84446BD2238AC3B400642675 /* Main.storyboard */; };
		84446BD6238AC3B600642675 /* Assets.xcassets in Resources */ = {isa = PBXBuildFile; fileRef = 84446BD5238AC3B600642675 /* Assets.xcassets */; };
		84446BD9238AC3B600642675 /* LaunchScreen.storyboard in Resources */ = {isa = PBXBuildFile; fileRef = 84446BD7238AC3B600642675 /* LaunchScreen.storyboard */; };
/* End PBXBuildFile section */

/* Begin PBXFileReference section */
		84446BC9238AC3B400642675 /* Vkontakte_L1.app */ = {isa = PBXFileReference; explicitFileType = wrapper.application; includeInIndex = 0; path = Vkontakte_L1.app; sourceTree = BUILT_PRODUCTS_DIR; };
		84446BCC238AC3B400642675 /* AppDelegate.swift */ = {isa = PBXFileReference; lastKnownFileType = sourcecode.swift; path = AppDelegate.swift; sourceTree = "<group>"; };
		84446BCE238AC3B400642675 /* SceneDelegate.swift */ = {isa = PBXFileReference; lastKnownFileType = sourcecode.swift; path = SceneDelegate.swift; sourceTree = "<group>"; };
		84446BD0238AC3B400642675 /* ViewController.swift */ = {isa = PBXFileReference; lastKnownFileType = sourcecode.swift; path = ViewController.swift; sourceTree = "<group>"; };
		84446BD3238AC3B400642675 /* Base */ = {isa = PBXFileReference; lastKnownFileType = file.storyboard; name = Base; path = Base.lproj/Main.storyboard; sourceTree = "<group>"; };
		84446BD5238AC3B600642675 /* Assets.xcassets */ = {isa = PBXFileReference; lastKnownFileType = folder.assetcatalog; path = Assets.xcassets; sourceTree = "<group>"; };
		84446BD8238AC3B600642675 /* Base */ = {isa = PBXFileReference; lastKnownFileType = file.storyboard; name = Base; path = Base.lproj/LaunchScreen.storyboard; sourceTree = "<group>"; };
		84446BDA238AC3B600642675 /* Info.plist */ = {isa = PBXFileReference; lastKnownFileType = text.plist.xml; path = Info.plist; sourceTree = "<group>"; };
/* End PBXFileReference section */

/* Begin PBXFrameworksBuildPhase section */
		84446BC6238AC3B400642675 /* Frameworks */ = {
			isa = PBXFrameworksBuildPhase;
			buildActionMask = 2147483647;
			files = (
			);
			runOnlyForDeploymentPostprocessing = 0;
		};
/* End PBXFrameworksBuildPhase section */

/* Begin PBXGroup section */
		84446BC0238AC3B400642675 = {
			isa = PBXGroup;
			children = (
				84446BCB238AC3B400642675 /* Vkontakte_L1 */,
				84446BCA238AC3B400642675 /* Products */,
			);
			sourceTree = "<group>";
		};
		84446BCA238AC3B400642675 /* Products */ = {
			isa = PBXGroup;
			children = (
				84446BC9238AC3B400642675 /* Vkontakte_L1.app */,
			);
			name = Products;
			sourceTree = "<group>";
		};
		84446BCB238AC3B400642675 /* Vkontakte_L1 */ = {
			isa = PBXGroup;
			children = (
				84446BCC238AC3B400642675 /* AppDelegate.swift */,
				84446BCE238AC3B400642675 /* SceneDelegate.swift */,
				84446BD0238AC3B400642675 /* ViewController.swift */,
				84446BD2238AC3B400642675 /* Main.storyboard */,
				84446BD5238AC3B600642675 /* Assets.xcassets */,
				84446BD7238AC3B600642675 /* LaunchScreen.storyboard */,
				84446BDA238AC3B600642675 /* Info.plist */,
			);
			path = Vkontakte_L1;
			sourceTree = "<group>";
		};
/* End PBXGroup section */

/* Begin PBXNativeTarget section */
		84446BC8238AC3B400642675 /* Vkontakte_L1 */ = {
			isa = PBXNativeTarget;
			buildConfigurationList = 84446BDD238AC3B600642675 /* Build configuration list for PBXNativeTarget "Vkontakte_L1" */;
			buildPhases = (
				84446BC5238AC3B400642675 /* Sources */,
				84446BC6238AC3B400642675 /* Frameworks */,
				84446BC7238AC3B400642675 /* Resources */,
			);
			buildRules = (
			);
			dependencies = (
			);
			name = Vkontakte_L1;
			productName = Vkontakte_L1;
			productReference = 84446BC9238AC3B400642675 /* Vkontakte_L1.app */;
			productType = "com.apple.product-type.application";
		};
/* End PBXNativeTarget section */

/* Begin PBXProject section */
		84446BC1238AC3B400642675 /* Project object */ = {
			isa = PBXProject;
			attributes = {
				LastSwiftUpdateCheck = 1120;
				LastUpgradeCheck = 1120;
				ORGANIZATIONNAME = "Artem Pozdnyakov";
				TargetAttributes = {
					84446BC8238AC3B400642675 = {
						CreatedOnToolsVersion = 11.2.1;
					};
				};
			};
			buildConfigurationList = 84446BC4238AC3B400642675 /* Build configuration list for PBXProject "Vkontakte_L1" */;
			compatibilityVersion = "Xcode 9.3";
			developmentRegion = en;
			hasScannedForEncodings = 0;
			knownRegions = (
				en,
				Base,
			);
			mainGroup = 84446BC0238AC3B400642675;
			productRefGroup = 84446BCA238AC3B400642675 /* Products */;
			projectDirPath = "";
			projectRoot = "";
			targets = (
				84446BC8238AC3B400642675 /* Vkontakte_L1 */,
			);
		};
/* End PBXProject section */

/* Begin PBXResourcesBuildPhase section */
		84446BC7238AC3B400642675 /* Resources */ = {
			isa = PBXResourcesBuildPhase;
			buildActionMask = 2147483647;
			files = (
				84446BD9238AC3B600642675 /* LaunchScreen.storyboard in Resources */,
				84446BD6238AC3B600642675 /* Assets.xcassets in Resources */,
				84446BD4238AC3B400642675 /* Main.storyboard in Resources */,
			);
			runOnlyForDeploymentPostprocessing = 0;
		};
/* End PBXResourcesBuildPhase section */

/* Begin PBXSourcesBuildPhase section */
		84446BC5238AC3B400642675 /* Sources */ = {
			isa = PBXSourcesBuildPhase;
			buildActionMask = 2147483647;
			files = (
				84446BD1238AC3B400642675 /* ViewController.swift in Sources */,
				84446BCD238AC3B400642675 /* AppDelegate.swift in Sources */,
				84446BCF238AC3B400642675 /* SceneDelegate.swift in Sources */,
			);
			runOnlyForDeploymentPostprocessing = 0;
		};
/* End PBXSourcesBuildPhase section */

/* Begin PBXVariantGroup section */
		84446BD2238AC3B400642675 /* Main.storyboard */ = {
			isa = PBXVariantGroup;
			children = (
				84446BD3238AC3B400642675 /* Base */,
			);
			name = Main.storyboard;
			sourceTree = "<group>";
		};
		84446BD7238AC3B600642675 /* LaunchScreen.storyboard */ = {
			isa = PBXVariantGroup;
			children = (
				84446BD8238AC3B600642675 /* Base */,
			);
			name = LaunchScreen.storyboard;
			sourceTree = "<group>";
		};
/* End PBXVariantGroup section */

/* Begin XCBuildConfiguration section */
		84446BDB238AC3B600642675 /* Debug */ = {
			isa = XCBuildConfiguration;
			buildSettings = {
				ALWAYS_SEARCH_USER_PATHS = NO;
				CLANG_ANALYZER_NONNULL = YES;
				CLANG_ANALYZER_NUMBER_OBJECT_CONVERSION = YES_AGGRESSIVE;
				CLANG_CXX_LANGUAGE_STANDARD = "gnu++14";
				CLANG_CXX_LIBRARY = "libc++";
				CLANG_ENABLE_MODULES = YES;
				CLANG_ENABLE_OBJC_ARC = YES;
				CLANG_ENABLE_OBJC_WEAK = YES;
				CLANG_WARN_BLOCK_CAPTURE_AUTORELEASING = YES;
				CLANG_WARN_BOOL_CONVERSION = YES;
				CLANG_WARN_COMMA = YES;
				CLANG_WARN_CONSTANT_CONVERSION = YES;
				CLANG_WARN_DEPRECATED_OBJC_IMPLEMENTATIONS = YES;
				CLANG_WARN_DIRECT_OBJC_ISA_USAGE = YES_ERROR;
				CLANG_WARN_DOCUMENTATION_COMMENTS = YES;
				CLANG_WARN_EMPTY_BODY = YES;
				CLANG_WARN_ENUM_CONVERSION = YES;
				CLANG_WARN_INFINITE_RECURSION = YES;
				CLANG_WARN_INT_CONVERSION = YES;
				CLANG_WARN_NON_LITERAL_NULL_CONVERSION = YES;
				CLANG_WARN_OBJC_IMPLICIT_RETAIN_SELF = YES;
				CLANG_WARN_OBJC_LITERAL_CONVERSION = YES;
				CLANG_WARN_OBJC_ROOT_CLASS = YES_ERROR;
				CLANG_WARN_RANGE_LOOP_ANALYSIS = YES;
				CLANG_WARN_STRICT_PROTOTYPES = YES;
				CLANG_WARN_SUSPICIOUS_MOVE = YES;
				CLANG_WARN_UNGUARDED_AVAILABILITY = YES_AGGRESSIVE;
				CLANG_WARN_UNREACHABLE_CODE = YES;
				CLANG_WARN__DUPLICATE_METHOD_MATCH = YES;
				COPY_PHASE_STRIP = NO;
				DEBUG_INFORMATION_FORMAT = dwarf;
				ENABLE_STRICT_OBJC_MSGSEND = YES;
				ENABLE_TESTABILITY = YES;
				GCC_C_LANGUAGE_STANDARD = gnu11;
				GCC_DYNAMIC_NO_PIC = NO;
				GCC_NO_COMMON_BLOCKS = YES;
				GCC_OPTIMIZATION_LEVEL = 0;
				GCC_PREPROCESSOR_DEFINITIONS = (
					"DEBUG=1",
					"$(inherited)",
				);
				GCC_WARN_64_TO_32_BIT_CONVERSION = YES;
				GCC_WARN_ABOUT_RETURN_TYPE = YES_ERROR;
				GCC_WARN_UNDECLARED_SELECTOR = YES;
				GCC_WARN_UNINITIALIZED_AUTOS = YES_AGGRESSIVE;
				GCC_WARN_UNUSED_FUNCTION = YES;
				GCC_WARN_UNUSED_VARIABLE = YES;
				IPHONEOS_DEPLOYMENT_TARGET = 13.2;
				MTL_ENABLE_DEBUG_INFO = INCLUDE_SOURCE;
				MTL_FAST_MATH = YES;
				ONLY_ACTIVE_ARCH = YES;
				SDKROOT = iphoneos;
				SWIFT_ACTIVE_COMPILATION_CONDITIONS = DEBUG;
				SWIFT_OPTIMIZATION_LEVEL = "-Onone";
			};
			name = Debug;
		};
		84446BDC238AC3B600642675 /* Release */ = {
			isa = XCBuildConfiguration;
			buildSettings = {
				ALWAYS_SEARCH_USER_PATHS = NO;
				CLANG_ANALYZER_NONNULL = YES;
				CLANG_ANALYZER_NUMBER_OBJECT_CONVERSION = YES_AGGRESSIVE;
				CLANG_CXX_LANGUAGE_STANDARD = "gnu++14";
				CLANG_CXX_LIBRARY = "libc++";
				CLANG_ENABLE_MODULES = YES;
				CLANG_ENABLE_OBJC_ARC = YES;
				CLANG_ENABLE_OBJC_WEAK = YES;
				CLANG_WARN_BLOCK_CAPTURE_AUTORELEASING = YES;
				CLANG_WARN_BOOL_CONVERSION = YES;
				CLANG_WARN_COMMA = YES;
				CLANG_WARN_CONSTANT_CONVERSION = YES;
				CLANG_WARN_DEPRECATED_OBJC_IMPLEMENTATIONS = YES;
				CLANG_WARN_DIRECT_OBJC_ISA_USAGE = YES_ERROR;
				CLANG_WARN_DOCUMENTATION_COMMENTS = YES;
				CLANG_WARN_EMPTY_BODY = YES;
				CLANG_WARN_ENUM_CONVERSION = YES;
				CLANG_WARN_INFINITE_RECURSION = YES;
				CLANG_WARN_INT_CONVERSION = YES;
				CLANG_WARN_NON_LITERAL_NULL_CONVERSION = YES;
				CLANG_WARN_OBJC_IMPLICIT_RETAIN_SELF = YES;
				CLANG_WARN_OBJC_LITERAL_CONVERSION = YES;
				CLANG_WARN_OBJC_ROOT_CLASS = YES_ERROR;
				CLANG_WARN_RANGE_LOOP_ANALYSIS = YES;
				CLANG_WARN_STRICT_PROTOTYPES = YES;
				CLANG_WARN_SUSPICIOUS_MOVE = YES;
				CLANG_WARN_UNGUARDED_AVAILABILITY = YES_AGGRESSIVE;
				CLANG_WARN_UNREACHABLE_CODE = YES;
				CLANG_WARN__DUPLICATE_METHOD_MATCH = YES;
				COPY_PHASE_STRIP = NO;
				DEBUG_INFORMATION_FORMAT = "dwarf-with-dsym";
				ENABLE_NS_ASSERTIONS = NO;
				ENABLE_STRICT_OBJC_MSGSEND = YES;
				GCC_C_LANGUAGE_STANDARD = gnu11;
				GCC_NO_COMMON_BLOCKS = YES;
				GCC_WARN_64_TO_32_BIT_CONVERSION = YES;
				GCC_WARN_ABOUT_RETURN_TYPE = YES_ERROR;
				GCC_WARN_UNDECLARED_SELECTOR = YES;
				GCC_WARN_UNINITIALIZED_AUTOS = YES_AGGRESSIVE;
				GCC_WARN_UNUSED_FUNCTION = YES;
				GCC_WARN_UNUSED_VARIABLE = YES;
				IPHONEOS_DEPLOYMENT_TARGET = 13.2;
				MTL_ENABLE_DEBUG_INFO = NO;
				MTL_FAST_MATH = YES;
				SDKROOT = iphoneos;
				SWIFT_COMPILATION_MODE = wholemodule;
				SWIFT_OPTIMIZATION_LEVEL = "-O";
				VALIDATE_PRODUCT = YES;
			};
			name = Release;
		};
		84446BDE238AC3B600642675 /* Debug */ = {
			isa = XCBuildConfiguration;
			buildSettings = {
				ASSETCATALOG_COMPILER_APPICON_NAME = AppIcon;
				CODE_SIGN_STYLE = Automatic;
				DEVELOPMENT_TEAM = 8CMXWZDT97;
				INFOPLIST_FILE = Vkontakte_L1/Info.plist;
				LD_RUNPATH_SEARCH_PATHS = (
					"$(inherited)",
					"@executable_path/Frameworks",
				);
				PRODUCT_BUNDLE_IDENTIFIER = "test.Vkontakte-L1";
				PRODUCT_NAME = "$(TARGET_NAME)";
				SWIFT_VERSION = 5.0;
				TARGETED_DEVICE_FAMILY = "1,2";
			};
			name = Debug;
		};
		84446BDF238AC3B600642675 /* Release */ = {
			isa = XCBuildConfiguration;
			buildSettings = {
				ASSETCATALOG_COMPILER_APPICON_NAME = AppIcon;
				CODE_SIGN_STYLE = Automatic;
				DEVELOPMENT_TEAM = 8CMXWZDT97;
				INFOPLIST_FILE = Vkontakte_L1/Info.plist;
				LD_RUNPATH_SEARCH_PATHS = (
					"$(inherited)",
					"@executable_path/Frameworks",
				);
				PRODUCT_BUNDLE_IDENTIFIER = "test.Vkontakte-L1";
				PRODUCT_NAME = "$(TARGET_NAME)";
				SWIFT_VERSION = 5.0;
				TARGETED_DEVICE_FAMILY = "1,2";
			};
			name = Release;
		};
/* End XCBuildConfiguration section */

/* Begin XCConfigurationList section */
		84446BC4238AC3B400642675 /* Build configuration list for PBXProject "Vkontakte_L1" */ = {
			isa = XCConfigurationList;
			buildConfigurations = (
				84446BDB238AC3B600642675 /* Debug */,
				84446BDC238AC3B600642675 /* Release */,
			);
			defaultConfigurationIsVisible = 0;
			defaultConfigurationName = Release;
		};
		84446BDD238AC3B600642675 /* Build configuration list for PBXNativeTarget "Vkontakte_L1" */ = {
			isa = XCConfigurationList;
			buildConfigurations = (
				84446BDE238AC3B600642675 /* Debug */,
				84446BDF238AC3B600642675 /* Release */,
			);
			defaultConfigurationIsVisible = 0;
			defaultConfigurationName = Release;
		};
/* End XCConfigurationList section */
	};
	rootObject = 84446BC1238AC3B400642675 /* Project object */;
}
